// !$*UTF8*$!
{
	archiveVersion = 1;
	classes = {
	};
	objectVersion = 50;
	objects = {

/* Begin PBXBuildFile section */
		6BE07CCE211C8AD600E9563C /* AppDelegate.swift in Sources */ = {isa = PBXBuildFile; fileRef = 6BE07CCD211C8AD600E9563C /* AppDelegate.swift */; };
		6BE07CD0211C8AD600E9563C /* ViewController.swift in Sources */ = {isa = PBXBuildFile; fileRef = 6BE07CCF211C8AD600E9563C /* ViewController.swift */; };
		6BE07CD3211C8AD600E9563C /* Main.storyboard in Resources */ = {isa = PBXBuildFile; fileRef = 6BE07CD1211C8AD600E9563C /* Main.storyboard */; };
		6BE07CD5211C8ADB00E9563C /* Assets.xcassets in Resources */ = {isa = PBXBuildFile; fileRef = 6BE07CD4211C8ADB00E9563C /* Assets.xcassets */; };
		6BE07CD8211C8ADB00E9563C /* LaunchScreen.storyboard in Resources */ = {isa = PBXBuildFile; fileRef = 6BE07CD6211C8ADB00E9563C /* LaunchScreen.storyboard */; };
		6BE07CE3211C8ADB00E9563C /* KB_Hansel_Coding_ProjectTests.swift in Sources */ = {isa = PBXBuildFile; fileRef = 6BE07CE2211C8ADB00E9563C /* KB_Hansel_Coding_ProjectTests.swift */; };
		6BE07CEE211C8ADB00E9563C /* KB_Hansel_Coding_ProjectUITests.swift in Sources */ = {isa = PBXBuildFile; fileRef = 6BE07CED211C8ADB00E9563C /* KB_Hansel_Coding_ProjectUITests.swift */; };
/* End PBXBuildFile section */

/* Begin PBXContainerItemProxy section */
		6BE07CDF211C8ADB00E9563C /* PBXContainerItemProxy */ = {
			isa = PBXContainerItemProxy;
			containerPortal = 6BE07CC2211C8AD500E9563C /* Project object */;
			proxyType = 1;
			remoteGlobalIDString = 6BE07CC9211C8AD600E9563C;
			remoteInfo = KB_Hansel_Coding_Project;
		};
		6BE07CEA211C8ADB00E9563C /* PBXContainerItemProxy */ = {
			isa = PBXContainerItemProxy;
			containerPortal = 6BE07CC2211C8AD500E9563C /* Project object */;
			proxyType = 1;
			remoteGlobalIDString = 6BE07CC9211C8AD600E9563C;
			remoteInfo = KB_Hansel_Coding_Project;
		};
/* End PBXContainerItemProxy section */

/* Begin PBXFileReference section */
		6BE07CCA211C8AD600E9563C /* KB_Hansel_Coding_Project.app */ = {isa = PBXFileReference; explicitFileType = wrapper.application; includeInIndex = 0; path = KB_Hansel_Coding_Project.app; sourceTree = BUILT_PRODUCTS_DIR; };
		6BE07CCD211C8AD600E9563C /* AppDelegate.swift */ = {isa = PBXFileReference; lastKnownFileType = sourcecode.swift; path = AppDelegate.swift; sourceTree = "<group>"; };
		6BE07CCF211C8AD600E9563C /* ViewController.swift */ = {isa = PBXFileReference; lastKnownFileType = sourcecode.swift; path = ViewController.swift; sourceTree = "<group>"; };
		6BE07CD2211C8AD600E9563C /* Base */ = {isa = PBXFileReference; lastKnownFileType = file.storyboard; name = Base; path = Base.lproj/Main.storyboard; sourceTree = "<group>"; };
		6BE07CD4211C8ADB00E9563C /* Assets.xcassets */ = {isa = PBXFileReference; lastKnownFileType = folder.assetcatalog; path = Assets.xcassets; sourceTree = "<group>"; };
		6BE07CD7211C8ADB00E9563C /* Base */ = {isa = PBXFileReference; lastKnownFileType = file.storyboard; name = Base; path = Base.lproj/LaunchScreen.storyboard; sourceTree = "<group>"; };
		6BE07CD9211C8ADB00E9563C /* Info.plist */ = {isa = PBXFileReference; lastKnownFileType = text.plist.xml; path = Info.plist; sourceTree = "<group>"; };
		6BE07CDE211C8ADB00E9563C /* KB_Hansel_Coding_ProjectTests.xctest */ = {isa = PBXFileReference; explicitFileType = wrapper.cfbundle; includeInIndex = 0; path = KB_Hansel_Coding_ProjectTests.xctest; sourceTree = BUILT_PRODUCTS_DIR; };
		6BE07CE2211C8ADB00E9563C /* KB_Hansel_Coding_ProjectTests.swift */ = {isa = PBXFileReference; lastKnownFileType = sourcecode.swift; path = KB_Hansel_Coding_ProjectTests.swift; sourceTree = "<group>"; };
		6BE07CE4211C8ADB00E9563C /* Info.plist */ = {isa = PBXFileReference; lastKnownFileType = text.plist.xml; path = Info.plist; sourceTree = "<group>"; };
		6BE07CE9211C8ADB00E9563C /* KB_Hansel_Coding_ProjectUITests.xctest */ = {isa = PBXFileReference; explicitFileType = wrapper.cfbundle; includeInIndex = 0; path = KB_Hansel_Coding_ProjectUITests.xctest; sourceTree = BUILT_PRODUCTS_DIR; };
		6BE07CED211C8ADB00E9563C /* KB_Hansel_Coding_ProjectUITests.swift */ = {isa = PBXFileReference; lastKnownFileType = sourcecode.swift; path = KB_Hansel_Coding_ProjectUITests.swift; sourceTree = "<group>"; };
		6BE07CEF211C8ADB00E9563C /* Info.plist */ = {isa = PBXFileReference; lastKnownFileType = text.plist.xml; path = Info.plist; sourceTree = "<group>"; };
/* End PBXFileReference section */

/* Begin PBXFrameworksBuildPhase section */
		6BE07CC7211C8AD600E9563C /* Frameworks */ = {
			isa = PBXFrameworksBuildPhase;
			buildActionMask = 2147483647;
			files = (
			);
			runOnlyForDeploymentPostprocessing = 0;
		};
		6BE07CDB211C8ADB00E9563C /* Frameworks */ = {
			isa = PBXFrameworksBuildPhase;
			buildActionMask = 2147483647;
			files = (
			);
			runOnlyForDeploymentPostprocessing = 0;
		};
		6BE07CE6211C8ADB00E9563C /* Frameworks */ = {
			isa = PBXFrameworksBuildPhase;
			buildActionMask = 2147483647;
			files = (
			);
			runOnlyForDeploymentPostprocessing = 0;
		};
/* End PBXFrameworksBuildPhase section */

/* Begin PBXGroup section */
		6BE07CC1211C8AD500E9563C = {
			isa = PBXGroup;
			children = (
				6BE07CCC211C8AD600E9563C /* KB_Hansel_Coding_Project */,
				6BE07CE1211C8ADB00E9563C /* KB_Hansel_Coding_ProjectTests */,
				6BE07CEC211C8ADB00E9563C /* KB_Hansel_Coding_ProjectUITests */,
				6BE07CCB211C8AD600E9563C /* Products */,
			);
			sourceTree = "<group>";
		};
		6BE07CCB211C8AD600E9563C /* Products */ = {
			isa = PBXGroup;
			children = (
				6BE07CCA211C8AD600E9563C /* KB_Hansel_Coding_Project.app */,
				6BE07CDE211C8ADB00E9563C /* KB_Hansel_Coding_ProjectTests.xctest */,
				6BE07CE9211C8ADB00E9563C /* KB_Hansel_Coding_ProjectUITests.xctest */,
			);
			name = Products;
			sourceTree = "<group>";
		};
		6BE07CCC211C8AD600E9563C /* KB_Hansel_Coding_Project */ = {
			isa = PBXGroup;
			children = (
				6BE07CCD211C8AD600E9563C /* AppDelegate.swift */,
				6BE07CCF211C8AD600E9563C /* ViewController.swift */,
				6BE07CD1211C8AD600E9563C /* Main.storyboard */,
				6BE07CD4211C8ADB00E9563C /* Assets.xcassets */,
				6BE07CD6211C8ADB00E9563C /* LaunchScreen.storyboard */,
				6BE07CD9211C8ADB00E9563C /* Info.plist */,
			);
			path = KB_Hansel_Coding_Project;
			sourceTree = "<group>";
		};
		6BE07CE1211C8ADB00E9563C /* KB_Hansel_Coding_ProjectTests */ = {
			isa = PBXGroup;
			children = (
				6BE07CE2211C8ADB00E9563C /* KB_Hansel_Coding_ProjectTests.swift */,
				6BE07CE4211C8ADB00E9563C /* Info.plist */,
			);
			path = KB_Hansel_Coding_ProjectTests;
			sourceTree = "<group>";
		};
		6BE07CEC211C8ADB00E9563C /* KB_Hansel_Coding_ProjectUITests */ = {
			isa = PBXGroup;
			children = (
				6BE07CED211C8ADB00E9563C /* KB_Hansel_Coding_ProjectUITests.swift */,
				6BE07CEF211C8ADB00E9563C /* Info.plist */,
			);
			path = KB_Hansel_Coding_ProjectUITests;
			sourceTree = "<group>";
		};
/* End PBXGroup section */

/* Begin PBXNativeTarget section */
		6BE07CC9211C8AD600E9563C /* KB_Hansel_Coding_Project */ = {
			isa = PBXNativeTarget;
			buildConfigurationList = 6BE07CF2211C8ADB00E9563C /* Build configuration list for PBXNativeTarget "KB_Hansel_Coding_Project" */;
			buildPhases = (
				6BE07CC6211C8AD600E9563C /* Sources */,
				6BE07CC7211C8AD600E9563C /* Frameworks */,
				6BE07CC8211C8AD600E9563C /* Resources */,
			);
			buildRules = (
			);
			dependencies = (
			);
			name = KB_Hansel_Coding_Project;
			productName = KB_Hansel_Coding_Project;
			productReference = 6BE07CCA211C8AD600E9563C /* KB_Hansel_Coding_Project.app */;
			productType = "com.apple.product-type.application";
		};
		6BE07CDD211C8ADB00E9563C /* KB_Hansel_Coding_ProjectTests */ = {
			isa = PBXNativeTarget;
			buildConfigurationList = 6BE07CF5211C8ADB00E9563C /* Build configuration list for PBXNativeTarget "KB_Hansel_Coding_ProjectTests" */;
			buildPhases = (
				6BE07CDA211C8ADB00E9563C /* Sources */,
				6BE07CDB211C8ADB00E9563C /* Frameworks */,
				6BE07CDC211C8ADB00E9563C /* Resources */,
			);
			buildRules = (
			);
			dependencies = (
				6BE07CE0211C8ADB00E9563C /* PBXTargetDependency */,
			);
			name = KB_Hansel_Coding_ProjectTests;
			productName = KB_Hansel_Coding_ProjectTests;
			productReference = 6BE07CDE211C8ADB00E9563C /* KB_Hansel_Coding_ProjectTests.xctest */;
			productType = "com.apple.product-type.bundle.unit-test";
		};
		6BE07CE8211C8ADB00E9563C /* KB_Hansel_Coding_ProjectUITests */ = {
			isa = PBXNativeTarget;
			buildConfigurationList = 6BE07CF8211C8ADB00E9563C /* Build configuration list for PBXNativeTarget "KB_Hansel_Coding_ProjectUITests" */;
			buildPhases = (
				6BE07CE5211C8ADB00E9563C /* Sources */,
				6BE07CE6211C8ADB00E9563C /* Frameworks */,
				6BE07CE7211C8ADB00E9563C /* Resources */,
			);
			buildRules = (
			);
			dependencies = (
				6BE07CEB211C8ADB00E9563C /* PBXTargetDependency */,
			);
			name = KB_Hansel_Coding_ProjectUITests;
			productName = KB_Hansel_Coding_ProjectUITests;
			productReference = 6BE07CE9211C8ADB00E9563C /* KB_Hansel_Coding_ProjectUITests.xctest */;
			productType = "com.apple.product-type.bundle.ui-testing";
		};
/* End PBXNativeTarget section */

/* Begin PBXProject section */
		6BE07CC2211C8AD500E9563C /* Project object */ = {
			isa = PBXProject;
			attributes = {
				LastSwiftUpdateCheck = 0940;
				LastUpgradeCheck = 0940;
				ORGANIZATIONNAME = "Krishna Babla";
				TargetAttributes = {
					6BE07CC9211C8AD600E9563C = {
						CreatedOnToolsVersion = 9.4.1;
					};
					6BE07CDD211C8ADB00E9563C = {
						CreatedOnToolsVersion = 9.4.1;
						TestTargetID = 6BE07CC9211C8AD600E9563C;
					};
					6BE07CE8211C8ADB00E9563C = {
						CreatedOnToolsVersion = 9.4.1;
						TestTargetID = 6BE07CC9211C8AD600E9563C;
					};
				};
			};
			buildConfigurationList = 6BE07CC5211C8AD500E9563C /* Build configuration list for PBXProject "KB_Hansel_Coding_Project" */;
			compatibilityVersion = "Xcode 9.3";
			developmentRegion = en;
			hasScannedForEncodings = 0;
			knownRegions = (
				en,
				Base,
			);
			mainGroup = 6BE07CC1211C8AD500E9563C;
			productRefGroup = 6BE07CCB211C8AD600E9563C /* Products */;
			projectDirPath = "";
			projectRoot = "";
			targets = (
				6BE07CC9211C8AD600E9563C /* KB_Hansel_Coding_Project */,
				6BE07CDD211C8ADB00E9563C /* KB_Hansel_Coding_ProjectTests */,
				6BE07CE8211C8ADB00E9563C /* KB_Hansel_Coding_ProjectUITests */,
			);
		};
/* End PBXProject section */

/* Begin PBXResourcesBuildPhase section */
		6BE07CC8211C8AD600E9563C /* Resources */ = {
			isa = PBXResourcesBuildPhase;
			buildActionMask = 2147483647;
			files = (
				6BE07CD8211C8ADB00E9563C /* LaunchScreen.storyboard in Resources */,
				6BE07CD5211C8ADB00E9563C /* Assets.xcassets in Resources */,
				6BE07CD3211C8AD600E9563C /* Main.storyboard in Resources */,
			);
			runOnlyForDeploymentPostprocessing = 0;
		};
		6BE07CDC211C8ADB00E9563C /* Resources */ = {
			isa = PBXResourcesBuildPhase;
			buildActionMask = 2147483647;
			files = (
			);
			runOnlyForDeploymentPostprocessing = 0;
		};
		6BE07CE7211C8ADB00E9563C /* Resources */ = {
			isa = PBXResourcesBuildPhase;
			buildActionMask = 2147483647;
			files = (
			);
			runOnlyForDeploymentPostprocessing = 0;
		};
/* End PBXResourcesBuildPhase section */

/* Begin PBXSourcesBuildPhase section */
		6BE07CC6211C8AD600E9563C /* Sources */ = {
			isa = PBXSourcesBuildPhase;
			buildActionMask = 2147483647;
			files = (
				6BE07CD0211C8AD600E9563C /* ViewController.swift in Sources */,
				6BE07CCE211C8AD600E9563C /* AppDelegate.swift in Sources */,
			);
			runOnlyForDeploymentPostprocessing = 0;
		};
		6BE07CDA211C8ADB00E9563C /* Sources */ = {
			isa = PBXSourcesBuildPhase;
			buildActionMask = 2147483647;
			files = (
				6BE07CE3211C8ADB00E9563C /* KB_Hansel_Coding_ProjectTests.swift in Sources */,
			);
			runOnlyForDeploymentPostprocessing = 0;
		};
		6BE07CE5211C8ADB00E9563C /* Sources */ = {
			isa = PBXSourcesBuildPhase;
			buildActionMask = 2147483647;
			files = (
				6BE07CEE211C8ADB00E9563C /* KB_Hansel_Coding_ProjectUITests.swift in Sources */,
			);
			runOnlyForDeploymentPostprocessing = 0;
		};
/* End PBXSourcesBuildPhase section */

/* Begin PBXTargetDependency section */
		6BE07CE0211C8ADB00E9563C /* PBXTargetDependency */ = {
			isa = PBXTargetDependency;
			target = 6BE07CC9211C8AD600E9563C /* KB_Hansel_Coding_Project */;
			targetProxy = 6BE07CDF211C8ADB00E9563C /* PBXContainerItemProxy */;
		};
		6BE07CEB211C8ADB00E9563C /* PBXTargetDependency */ = {
			isa = PBXTargetDependency;
			target = 6BE07CC9211C8AD600E9563C /* KB_Hansel_Coding_Project */;
			targetProxy = 6BE07CEA211C8ADB00E9563C /* PBXContainerItemProxy */;
		};
/* End PBXTargetDependency section */

/* Begin PBXVariantGroup section */
		6BE07CD1211C8AD600E9563C /* Main.storyboard */ = {
			isa = PBXVariantGroup;
			children = (
				6BE07CD2211C8AD600E9563C /* Base */,
			);
			name = Main.storyboard;
			sourceTree = "<group>";
		};
		6BE07CD6211C8ADB00E9563C /* LaunchScreen.storyboard */ = {
			isa = PBXVariantGroup;
			children = (
				6BE07CD7211C8ADB00E9563C /* Base */,
			);
			name = LaunchScreen.storyboard;
			sourceTree = "<group>";
		};
/* End PBXVariantGroup section */

/* Begin XCBuildConfiguration section */
		6BE07CF0211C8ADB00E9563C /* Debug */ = {
			isa = XCBuildConfiguration;
			buildSettings = {
				ALWAYS_SEARCH_USER_PATHS = NO;
				CLANG_ANALYZER_NONNULL = YES;
				CLANG_ANALYZER_NUMBER_OBJECT_CONVERSION = YES_AGGRESSIVE;
				CLANG_CXX_LANGUAGE_STANDARD = "gnu++14";
				CLANG_CXX_LIBRARY = "libc++";
				CLANG_ENABLE_MODULES = YES;
				CLANG_ENABLE_OBJC_ARC = YES;
				CLANG_ENABLE_OBJC_WEAK = YES;
				CLANG_WARN_BLOCK_CAPTURE_AUTORELEASING = YES;
				CLANG_WARN_BOOL_CONVERSION = YES;
				CLANG_WARN_COMMA = YES;
				CLANG_WARN_CONSTANT_CONVERSION = YES;
				CLANG_WARN_DEPRECATED_OBJC_IMPLEMENTATIONS = YES;
				CLANG_WARN_DIRECT_OBJC_ISA_USAGE = YES_ERROR;
				CLANG_WARN_DOCUMENTATION_COMMENTS = YES;
				CLANG_WARN_EMPTY_BODY = YES;
				CLANG_WARN_ENUM_CONVERSION = YES;
				CLANG_WARN_INFINITE_RECURSION = YES;
				CLANG_WARN_INT_CONVERSION = YES;
				CLANG_WARN_NON_LITERAL_NULL_CONVERSION = YES;
				CLANG_WARN_OBJC_IMPLICIT_RETAIN_SELF = YES;
				CLANG_WARN_OBJC_LITERAL_CONVERSION = YES;
				CLANG_WARN_OBJC_ROOT_CLASS = YES_ERROR;
				CLANG_WARN_RANGE_LOOP_ANALYSIS = YES;
				CLANG_WARN_STRICT_PROTOTYPES = YES;
				CLANG_WARN_SUSPICIOUS_MOVE = YES;
				CLANG_WARN_UNGUARDED_AVAILABILITY = YES_AGGRESSIVE;
				CLANG_WARN_UNREACHABLE_CODE = YES;
				CLANG_WARN__DUPLICATE_METHOD_MATCH = YES;
				CODE_SIGN_IDENTITY = "iPhone Developer";
				COPY_PHASE_STRIP = NO;
				DEBUG_INFORMATION_FORMAT = dwarf;
				ENABLE_STRICT_OBJC_MSGSEND = YES;
				ENABLE_TESTABILITY = YES;
				GCC_C_LANGUAGE_STANDARD = gnu11;
				GCC_DYNAMIC_NO_PIC = NO;
				GCC_NO_COMMON_BLOCKS = YES;
				GCC_OPTIMIZATION_LEVEL = 0;
				GCC_PREPROCESSOR_DEFINITIONS = (
					"DEBUG=1",
					"$(inherited)",
				);
				GCC_WARN_64_TO_32_BIT_CONVERSION = YES;
				GCC_WARN_ABOUT_RETURN_TYPE = YES_ERROR;
				GCC_WARN_UNDECLARED_SELECTOR = YES;
				GCC_WARN_UNINITIALIZED_AUTOS = YES_AGGRESSIVE;
				GCC_WARN_UNUSED_FUNCTION = YES;
				GCC_WARN_UNUSED_VARIABLE = YES;
				IPHONEOS_DEPLOYMENT_TARGET = 11.4;
				MTL_ENABLE_DEBUG_INFO = YES;
				ONLY_ACTIVE_ARCH = YES;
				SDKROOT = iphoneos;
				SWIFT_ACTIVE_COMPILATION_CONDITIONS = DEBUG;
				SWIFT_OPTIMIZATION_LEVEL = "-Onone";
			};
			name = Debug;
		};
		6BE07CF1211C8ADB00E9563C /* Release */ = {
			isa = XCBuildConfiguration;
			buildSettings = {
				ALWAYS_SEARCH_USER_PATHS = NO;
				CLANG_ANALYZER_NONNULL = YES;
				CLANG_ANALYZER_NUMBER_OBJECT_CONVERSION = YES_AGGRESSIVE;
				CLANG_CXX_LANGUAGE_STANDARD = "gnu++14";
				CLANG_CXX_LIBRARY = "libc++";
				CLANG_ENABLE_MODULES = YES;
				CLANG_ENABLE_OBJC_ARC = YES;
				CLANG_ENABLE_OBJC_WEAK = YES;
				CLANG_WARN_BLOCK_CAPTURE_AUTORELEASING = YES;
				CLANG_WARN_BOOL_CONVERSION = YES;
				CLANG_WARN_COMMA = YES;
				CLANG_WARN_CONSTANT_CONVERSION = YES;
				CLANG_WARN_DEPRECATED_OBJC_IMPLEMENTATIONS = YES;
				CLANG_WARN_DIRECT_OBJC_ISA_USAGE = YES_ERROR;
				CLANG_WARN_DOCUMENTATION_COMMENTS = YES;
				CLANG_WARN_EMPTY_BODY = YES;
				CLANG_WARN_ENUM_CONVERSION = YES;
				CLANG_WARN_INFINITE_RECURSION = YES;
				CLANG_WARN_INT_CONVERSION = YES;
				CLANG_WARN_NON_LITERAL_NULL_CONVERSION = YES;
				CLANG_WARN_OBJC_IMPLICIT_RETAIN_SELF = YES;
				CLANG_WARN_OBJC_LITERAL_CONVERSION = YES;
				CLANG_WARN_OBJC_ROOT_CLASS = YES_ERROR;
				CLANG_WARN_RANGE_LOOP_ANALYSIS = YES;
				CLANG_WARN_STRICT_PROTOTYPES = YES;
				CLANG_WARN_SUSPICIOUS_MOVE = YES;
				CLANG_WARN_UNGUARDED_AVAILABILITY = YES_AGGRESSIVE;
				CLANG_WARN_UNREACHABLE_CODE = YES;
				CLANG_WARN__DUPLICATE_METHOD_MATCH = YES;
				CODE_SIGN_IDENTITY = "iPhone Developer";
				COPY_PHASE_STRIP = NO;
				DEBUG_INFORMATION_FORMAT = "dwarf-with-dsym";
				ENABLE_NS_ASSERTIONS = NO;
				ENABLE_STRICT_OBJC_MSGSEND = YES;
				GCC_C_LANGUAGE_STANDARD = gnu11;
				GCC_NO_COMMON_BLOCKS = YES;
				GCC_WARN_64_TO_32_BIT_CONVERSION = YES;
				GCC_WARN_ABOUT_RETURN_TYPE = YES_ERROR;
				GCC_WARN_UNDECLARED_SELECTOR = YES;
				GCC_WARN_UNINITIALIZED_AUTOS = YES_AGGRESSIVE;
				GCC_WARN_UNUSED_FUNCTION = YES;
				GCC_WARN_UNUSED_VARIABLE = YES;
				IPHONEOS_DEPLOYMENT_TARGET = 11.4;
				MTL_ENABLE_DEBUG_INFO = NO;
				SDKROOT = iphoneos;
				SWIFT_COMPILATION_MODE = wholemodule;
				SWIFT_OPTIMIZATION_LEVEL = "-O";
				VALIDATE_PRODUCT = YES;
			};
			name = Release;
		};
		6BE07CF3211C8ADB00E9563C /* Debug */ = {
			isa = XCBuildConfiguration;
			buildSettings = {
				ASSETCATALOG_COMPILER_APPICON_NAME = AppIcon;
				CODE_SIGN_STYLE = Automatic;
				DEVELOPMENT_TEAM = CV4C6SDSK9;
				INFOPLIST_FILE = KB_Hansel_Coding_Project/Info.plist;
				LD_RUNPATH_SEARCH_PATHS = (
					"$(inherited)",
					"@executable_path/Frameworks",
				);
				PRODUCT_BUNDLE_IDENTIFIER = "com.KrishnaBabla.KB-Hansel-Coding-Project";
				PRODUCT_NAME = "$(TARGET_NAME)";
				SWIFT_VERSION = 4.0;
				TARGETED_DEVICE_FAMILY = "1,2";
			};
			name = Debug;
		};
		6BE07CF4211C8ADB00E9563C /* Release */ = {
			isa = XCBuildConfiguration;
			buildSettings = {
				ASSETCATALOG_COMPILER_APPICON_NAME = AppIcon;
				CODE_SIGN_STYLE = Automatic;
				DEVELOPMENT_TEAM = CV4C6SDSK9;
				INFOPLIST_FILE = KB_Hansel_Coding_Project/Info.plist;
				LD_RUNPATH_SEARCH_PATHS = (
					"$(inherited)",
					"@executable_path/Frameworks",
				);
				PRODUCT_BUNDLE_IDENTIFIER = "com.KrishnaBabla.KB-Hansel-Coding-Project";
				PRODUCT_NAME = "$(TARGET_NAME)";
				SWIFT_VERSION = 4.0;
				TARGETED_DEVICE_FAMILY = "1,2";
			};
			name = Release;
		};
		6BE07CF6211C8ADB00E9563C /* Debug */ = {
			isa = XCBuildConfiguration;
			buildSettings = {
				ALWAYS_EMBED_SWIFT_STANDARD_LIBRARIES = YES;
				BUNDLE_LOADER = "$(TEST_HOST)";
				CODE_SIGN_STYLE = Automatic;
				DEVELOPMENT_TEAM = CV4C6SDSK9;
				INFOPLIST_FILE = KB_Hansel_Coding_ProjectTests/Info.plist;
				LD_RUNPATH_SEARCH_PATHS = (
					"$(inherited)",
					"@executable_path/Frameworks",
					"@loader_path/Frameworks",
				);
				PRODUCT_BUNDLE_IDENTIFIER = "com.KrishnaBabla.KB-Hansel-Coding-ProjectTests";
				PRODUCT_NAME = "$(TARGET_NAME)";
				SWIFT_VERSION = 4.0;
				TARGETED_DEVICE_FAMILY = "1,2";
				TEST_HOST = "$(BUILT_PRODUCTS_DIR)/KB_Hansel_Coding_Project.app/KB_Hansel_Coding_Project";
			};
			name = Debug;
		};
		6BE07CF7211C8ADB00E9563C /* Release */ = {
			isa = XCBuildConfiguration;
			buildSettings = {
				ALWAYS_EMBED_SWIFT_STANDARD_LIBRARIES = YES;
				BUNDLE_LOADER = "$(TEST_HOST)";
				CODE_SIGN_STYLE = Automatic;
				DEVELOPMENT_TEAM = CV4C6SDSK9;
				INFOPLIST_FILE = KB_Hansel_Coding_ProjectTests/Info.plist;
				LD_RUNPATH_SEARCH_PATHS = (
					"$(inherited)",
					"@executable_path/Frameworks",
					"@loader_path/Frameworks",
				);
				PRODUCT_BUNDLE_IDENTIFIER = "com.KrishnaBabla.KB-Hansel-Coding-ProjectTests";
				PRODUCT_NAME = "$(TARGET_NAME)";
				SWIFT_VERSION = 4.0;
				TARGETED_DEVICE_FAMILY = "1,2";
				TEST_HOST = "$(BUILT_PRODUCTS_DIR)/KB_Hansel_Coding_Project.app/KB_Hansel_Coding_Project";
			};
			name = Release;
		};
		6BE07CF9211C8ADB00E9563C /* Debug */ = {
			isa = XCBuildConfiguration;
			buildSettings = {
				ALWAYS_EMBED_SWIFT_STANDARD_LIBRARIES = YES;
				CODE_SIGN_STYLE = Automatic;
				DEVELOPMENT_TEAM = CV4C6SDSK9;
				INFOPLIST_FILE = KB_Hansel_Coding_ProjectUITests/Info.plist;
				LD_RUNPATH_SEARCH_PATHS = (
					"$(inherited)",
					"@executable_path/Frameworks",
					"@loader_path/Frameworks",
				);
				PRODUCT_BUNDLE_IDENTIFIER = "com.KrishnaBabla.KB-Hansel-Coding-ProjectUITests";
				PRODUCT_NAME = "$(TARGET_NAME)";
				SWIFT_VERSION = 4.0;
				TARGETED_DEVICE_FAMILY = "1,2";
				TEST_TARGET_NAME = KB_Hansel_Coding_Project;
			};
			name = Debug;
		};
		6BE07CFA211C8ADB00E9563C /* Release */ = {
			isa = XCBuildConfiguration;
			buildSettings = {
				ALWAYS_EMBED_SWIFT_STANDARD_LIBRARIES = YES;
				CODE_SIGN_STYLE = Automatic;
				DEVELOPMENT_TEAM = CV4C6SDSK9;
				INFOPLIST_FILE = KB_Hansel_Coding_ProjectUITests/Info.plist;
				LD_RUNPATH_SEARCH_PATHS = (
					"$(inherited)",
					"@executable_path/Frameworks",
					"@loader_path/Frameworks",
				);
				PRODUCT_BUNDLE_IDENTIFIER = "com.KrishnaBabla.KB-Hansel-Coding-ProjectUITests";
				PRODUCT_NAME = "$(TARGET_NAME)";
				SWIFT_VERSION = 4.0;
				TARGETED_DEVICE_FAMILY = "1,2";
				TEST_TARGET_NAME = KB_Hansel_Coding_Project;
			};
			name = Release;
		};
/* End XCBuildConfiguration section */

/* Begin XCConfigurationList section */
		6BE07CC5211C8AD500E9563C /* Build configuration list for PBXProject "KB_Hansel_Coding_Project" */ = {
			isa = XCConfigurationList;
			buildConfigurations = (
				6BE07CF0211C8ADB00E9563C /* Debug */,
				6BE07CF1211C8ADB00E9563C /* Release */,
			);
			defaultConfigurationIsVisible = 0;
			defaultConfigurationName = Release;
		};
		6BE07CF2211C8ADB00E9563C /* Build configuration list for PBXNativeTarget "KB_Hansel_Coding_Project" */ = {
			isa = XCConfigurationList;
			buildConfigurations = (
				6BE07CF3211C8ADB00E9563C /* Debug */,
				6BE07CF4211C8ADB00E9563C /* Release */,
			);
			defaultConfigurationIsVisible = 0;
			defaultConfigurationName = Release;
		};
		6BE07CF5211C8ADB00E9563C /* Build configuration list for PBXNativeTarget "KB_Hansel_Coding_ProjectTests" */ = {
			isa = XCConfigurationList;
			buildConfigurations = (
				6BE07CF6211C8ADB00E9563C /* Debug */,
				6BE07CF7211C8ADB00E9563C /* Release */,
			);
			defaultConfigurationIsVisible = 0;
			defaultConfigurationName = Release;
		};
		6BE07CF8211C8ADB00E9563C /* Build configuration list for PBXNativeTarget "KB_Hansel_Coding_ProjectUITests" */ = {
			isa = XCConfigurationList;
			buildConfigurations = (
				6BE07CF9211C8ADB00E9563C /* Debug */,
				6BE07CFA211C8ADB00E9563C /* Release */,
			);
			defaultConfigurationIsVisible = 0;
			defaultConfigurationName = Release;
		};
/* End XCConfigurationList section */
	};
	rootObject = 6BE07CC2211C8AD500E9563C /* Project object */;
}
